
Microsoft Visual Studio Solution File, Format Version 12.00
# Visual Studio 15
VisualStudioVersion = 15.0.28307.271
MinimumVisualStudioVersion = 10.0.40219.1
Project("{FAE04EC0-301F-11D3-BF4B-00C04F79EFBC}") = "DBDemo", "DBDemo\DBDemo.csproj", "{05A61B37-A7DF-49E0-94A9-4FD3084C662C}"
EndProject
Global
	GlobalSection(SolutionConfigurationPlatforms) = preSolution
		Debug|Any CPU = Debug|Any CPU
		Release|Any CPU = Release|Any CPU
	EndGlobalSection
	GlobalSection(ProjectConfigurationPlatforms) = postSolution
		{05A61B37-A7DF-49E0-94A9-4FD3084C662C}.Debug|Any CPU.ActiveCfg = Debug|Any CPU
		{05A61B37-A7DF-49E0-94A9-4FD3084C662C}.Debug|Any CPU.Build.0 = Debug|Any CPU
		{05A61B37-A7DF-49E0-94A9-4FD3084C662C}.Release|Any CPU.ActiveCfg = Release|Any CPU
		{05A61B37-A7DF-49E0-94A9-4FD3084C662C}.Release|Any CPU.Build.0 = Release|Any CPU
	EndGlobalSection
	GlobalSection(SolutionProperties) = preSolution
		HideSolutionNode = FALSE
	EndGlobalSection
	GlobalSection(ExtensibilityGlobals) = postSolution
		SolutionGuid = {FD6AD104-6450-44EF-8752-1DA230BD56ED}
	EndGlobalSection
EndGlobal
